
Microsoft Visual Studio Solution File, Format Version 12.00
# Visual Studio Version 16
VisualStudioVersion = 16.0.30717.126
MinimumVisualStudioVersion = 10.0.40219.1
Project("{9A19103F-16F7-4668-BE54-9A1E7A4F7556}") = "StateCap", "StateCap\StateCap.csproj", "{C8366EAF-D657-41E1-B733-E491041E4DAD}"
EndProject
Project("{FAE04EC0-301F-11D3-BF4B-00C04F79EFBC}") = "StateCapConsole", "StateCapConsole\StateCapConsole.csproj", "{6B2863D3-4CA1-4208-A50F-B9487A44225C}"
EndProject
Global
	GlobalSection(SolutionConfigurationPlatforms) = preSolution
		Debug|Any CPU = Debug|Any CPU
		Release|Any CPU = Release|Any CPU
	EndGlobalSection
	GlobalSection(ProjectConfigurationPlatforms) = postSolution
		{C8366EAF-D657-41E1-B733-E491041E4DAD}.Debug|Any CPU.ActiveCfg = Debug|Any CPU
		{C8366EAF-D657-41E1-B733-E491041E4DAD}.Debug|Any CPU.Build.0 = Debug|Any CPU
		{C8366EAF-D657-41E1-B733-E491041E4DAD}.Release|Any CPU.ActiveCfg = Release|Any CPU
		{C8366EAF-D657-41E1-B733-E491041E4DAD}.Release|Any CPU.Build.0 = Release|Any CPU
		{6B2863D3-4CA1-4208-A50F-B9487A44225C}.Debug|Any CPU.ActiveCfg = Debug|Any CPU
		{6B2863D3-4CA1-4208-A50F-B9487A44225C}.Debug|Any CPU.Build.0 = Debug|Any CPU
		{6B2863D3-4CA1-4208-A50F-B9487A44225C}.Release|Any CPU.ActiveCfg = Release|Any CPU
		{6B2863D3-4CA1-4208-A50F-B9487A44225C}.Release|Any CPU.Build.0 = Release|Any CPU
	EndGlobalSection
	GlobalSection(SolutionProperties) = preSolution
		HideSolutionNode = FALSE
	EndGlobalSection
	GlobalSection(ExtensibilityGlobals) = postSolution
		SolutionGuid = {A43A4B56-74CE-4CFA-B9E1-944C994C9109}
	EndGlobalSection
EndGlobal
